// !$*UTF8*$!
{
	archiveVersion = 1;
	classes = {
	};
	objectVersion = 46;
	objects = {

/* Begin PBXBuildFile section */
		C91C0D4519D59F7800BADB93 /* LogOut.png in Resources */ = {isa = PBXBuildFile; fileRef = C91C0D4219D59F7800BADB93 /* LogOut.png */; };
		C91C0D4619D59F7800BADB93 /* Video.png in Resources */ = {isa = PBXBuildFile; fileRef = C91C0D4319D59F7800BADB93 /* Video.png */; };
		C91C0D4719D59F7800BADB93 /* HLS.png in Resources */ = {isa = PBXBuildFile; fileRef = C91C0D4419D59F7800BADB93 /* HLS.png */; };
		C91C0D4919D5A18100BADB93 /* back.png in Resources */ = {isa = PBXBuildFile; fileRef = C91C0D4819D5A18100BADB93 /* back.png */; };
		C91C0D4B19D5A95D00BADB93 /* InfoViewController.swift in Sources */ = {isa = PBXBuildFile; fileRef = C91C0D4A19D5A95D00BADB93 /* InfoViewController.swift */; };
		C91C0D4D19D5A9A600BADB93 /* PlayerViewController.swift in Sources */ = {isa = PBXBuildFile; fileRef = C91C0D4C19D5A9A600BADB93 /* PlayerViewController.swift */; };
		C91C0D4F19D5AA1200BADB93 /* AVKit.framework in Frameworks */ = {isa = PBXBuildFile; fileRef = C91C0D4E19D5AA1200BADB93 /* AVKit.framework */; };
		C91C0D5319D5EAF000BADB93 /* toystory.mp4 in Resources */ = {isa = PBXBuildFile; fileRef = C91C0D5219D5EAF000BADB93 /* toystory.mp4 */; };
		C91C0D5519D5F06300BADB93 /* AVFoundation.framework in Frameworks */ = {isa = PBXBuildFile; fileRef = C91C0D5419D5F06300BADB93 /* AVFoundation.framework */; };
		C91C0D5819D5FC7E00BADB93 /* sample.m4v in Resources */ = {isa = PBXBuildFile; fileRef = C91C0D5719D5FC7E00BADB93 /* sample.m4v */; };
		C91C0D5F19D6039C00BADB93 /* food.png in Resources */ = {isa = PBXBuildFile; fileRef = C91C0D5919D6039B00BADB93 /* food.png */; };
		C91C0D6019D6039C00BADB93 /* theater.png in Resources */ = {isa = PBXBuildFile; fileRef = C91C0D5A19D6039B00BADB93 /* theater.png */; };
		C91C0D6119D6039C00BADB93 /* car.png in Resources */ = {isa = PBXBuildFile; fileRef = C91C0D5B19D6039B00BADB93 /* car.png */; };
		C91C0D6219D6039C00BADB93 /* family.png in Resources */ = {isa = PBXBuildFile; fileRef = C91C0D5C19D6039B00BADB93 /* family.png */; };
		C91C0D6319D6039C00BADB93 /* studies.png in Resources */ = {isa = PBXBuildFile; fileRef = C91C0D5D19D6039B00BADB93 /* studies.png */; };
		C91C0D6419D6039C00BADB93 /* business.png in Resources */ = {isa = PBXBuildFile; fileRef = C91C0D5E19D6039B00BADB93 /* business.png */; };
		C91C0D6B19D60FE900BADB93 /* LoginModel.swift in Sources */ = {isa = PBXBuildFile; fileRef = C91C0D6A19D60FE900BADB93 /* LoginModel.swift */; };
		C923200619D54B9800FEA745 /* VideoProperties.plist in Resources */ = {isa = PBXBuildFile; fileRef = C923200519D54B9800FEA745 /* VideoProperties.plist */; };
		C9D611B019D40C720021E89A /* AppDelegate.swift in Sources */ = {isa = PBXBuildFile; fileRef = C9D611AF19D40C720021E89A /* AppDelegate.swift */; };
		C9D611B219D40C720021E89A /* LoginViewController.swift in Sources */ = {isa = PBXBuildFile; fileRef = C9D611B119D40C720021E89A /* LoginViewController.swift */; };
		C9D611B519D40C720021E89A /* Main.storyboard in Resources */ = {isa = PBXBuildFile; fileRef = C9D611B319D40C720021E89A /* Main.storyboard */; };
		C9D611B719D40C720021E89A /* Images.xcassets in Resources */ = {isa = PBXBuildFile; fileRef = C9D611B619D40C720021E89A /* Images.xcassets */; };
		C9D611BA19D40C720021E89A /* LaunchScreen.xib in Resources */ = {isa = PBXBuildFile; fileRef = C9D611B819D40C720021E89A /* LaunchScreen.xib */; };
		C9D611C619D40C720021E89A /* mgoclientTests.swift in Sources */ = {isa = PBXBuildFile; fileRef = C9D611C519D40C720021E89A /* mgoclientTests.swift */; };
		C9D611D819D4D4760021E89A /* Readme.txt in Resources */ = {isa = PBXBuildFile; fileRef = C9D611D619D4D4760021E89A /* Readme.txt */; };
		C9D611DB19D4D5560021E89A /* MainSceneCollectionViewModel.swift in Sources */ = {isa = PBXBuildFile; fileRef = C9D611DA19D4D5560021E89A /* MainSceneCollectionViewModel.swift */; };
		C9D611DD19D4D8240021E89A /* MainSceneViewController.swift in Sources */ = {isa = PBXBuildFile; fileRef = C9D611DC19D4D8240021E89A /* MainSceneViewController.swift */; };
		C9D611DF19D4DBB00021E89A /* MainSceneCollectionViewCell.swift in Sources */ = {isa = PBXBuildFile; fileRef = C9D611DE19D4DBB00021E89A /* MainSceneCollectionViewCell.swift */; };
		C9D611E119D4DF4A0021E89A /* SpriteKit.framework in Frameworks */ = {isa = PBXBuildFile; fileRef = C9D611E019D4DF4A0021E89A /* SpriteKit.framework */; };
/* End PBXBuildFile section */

/* Begin PBXContainerItemProxy section */
		C9D611C019D40C720021E89A /* PBXContainerItemProxy */ = {
			isa = PBXContainerItemProxy;
			containerPortal = C9D611A219D40C720021E89A /* Project object */;
			proxyType = 1;
			remoteGlobalIDString = C9D611A919D40C720021E89A;
			remoteInfo = mgoclient;
		};
/* End PBXContainerItemProxy section */

/* Begin PBXFileReference section */
		C91C0D4219D59F7800BADB93 /* LogOut.png */ = {isa = PBXFileReference; lastKnownFileType = image.png; path = LogOut.png; sourceTree = "<group>"; };
		C91C0D4319D59F7800BADB93 /* Video.png */ = {isa = PBXFileReference; lastKnownFileType = image.png; path = Video.png; sourceTree = "<group>"; };
		C91C0D4419D59F7800BADB93 /* HLS.png */ = {isa = PBXFileReference; lastKnownFileType = image.png; path = HLS.png; sourceTree = "<group>"; };
		C91C0D4819D5A18100BADB93 /* back.png */ = {isa = PBXFileReference; lastKnownFileType = image.png; path = back.png; sourceTree = "<group>"; };
		C91C0D4A19D5A95D00BADB93 /* InfoViewController.swift */ = {isa = PBXFileReference; fileEncoding = 4; lastKnownFileType = sourcecode.swift; path = InfoViewController.swift; sourceTree = "<group>"; };
		C91C0D4C19D5A9A600BADB93 /* PlayerViewController.swift */ = {isa = PBXFileReference; fileEncoding = 4; lastKnownFileType = sourcecode.swift; path = PlayerViewController.swift; sourceTree = "<group>"; };
		C91C0D4E19D5AA1200BADB93 /* AVKit.framework */ = {isa = PBXFileReference; lastKnownFileType = wrapper.framework; name = AVKit.framework; path = System/Library/Frameworks/AVKit.framework; sourceTree = SDKROOT; };
		C91C0D5219D5EAF000BADB93 /* toystory.mp4 */ = {isa = PBXFileReference; lastKnownFileType = file; path = toystory.mp4; sourceTree = "<group>"; };
		C91C0D5419D5F06300BADB93 /* AVFoundation.framework */ = {isa = PBXFileReference; lastKnownFileType = wrapper.framework; name = AVFoundation.framework; path = System/Library/Frameworks/AVFoundation.framework; sourceTree = SDKROOT; };
		C91C0D5719D5FC7E00BADB93 /* sample.m4v */ = {isa = PBXFileReference; lastKnownFileType = file; path = sample.m4v; sourceTree = "<group>"; };
		C91C0D5919D6039B00BADB93 /* food.png */ = {isa = PBXFileReference; lastKnownFileType = image.png; path = food.png; sourceTree = "<group>"; };
		C91C0D5A19D6039B00BADB93 /* theater.png */ = {isa = PBXFileReference; lastKnownFileType = image.png; path = theater.png; sourceTree = "<group>"; };
		C91C0D5B19D6039B00BADB93 /* car.png */ = {isa = PBXFileReference; lastKnownFileType = image.png; path = car.png; sourceTree = "<group>"; };
		C91C0D5C19D6039B00BADB93 /* family.png */ = {isa = PBXFileReference; lastKnownFileType = image.png; path = family.png; sourceTree = "<group>"; };
		C91C0D5D19D6039B00BADB93 /* studies.png */ = {isa = PBXFileReference; lastKnownFileType = image.png; path = studies.png; sourceTree = "<group>"; };
		C91C0D5E19D6039B00BADB93 /* business.png */ = {isa = PBXFileReference; lastKnownFileType = image.png; path = business.png; sourceTree = "<group>"; };
		C91C0D6A19D60FE900BADB93 /* LoginModel.swift */ = {isa = PBXFileReference; fileEncoding = 4; lastKnownFileType = sourcecode.swift; path = LoginModel.swift; sourceTree = "<group>"; };
		C923200519D54B9800FEA745 /* VideoProperties.plist */ = {isa = PBXFileReference; fileEncoding = 4; lastKnownFileType = text.plist.xml; path = VideoProperties.plist; sourceTree = "<group>"; };
		C9D611AA19D40C720021E89A /* MGO.app */ = {isa = PBXFileReference; explicitFileType = wrapper.application; includeInIndex = 0; path = MGO.app; sourceTree = BUILT_PRODUCTS_DIR; };
		C9D611AE19D40C720021E89A /* Info.plist */ = {isa = PBXFileReference; lastKnownFileType = text.plist.xml; path = Info.plist; sourceTree = "<group>"; };
		C9D611AF19D40C720021E89A /* AppDelegate.swift */ = {isa = PBXFileReference; lastKnownFileType = sourcecode.swift; path = AppDelegate.swift; sourceTree = "<group>"; };
		C9D611B119D40C720021E89A /* LoginViewController.swift */ = {isa = PBXFileReference; lastKnownFileType = sourcecode.swift; path = LoginViewController.swift; sourceTree = "<group>"; };
		C9D611B419D40C720021E89A /* Base */ = {isa = PBXFileReference; lastKnownFileType = file.storyboard; name = Base; path = Base.lproj/Main.storyboard; sourceTree = "<group>"; };
		C9D611B619D40C720021E89A /* Images.xcassets */ = {isa = PBXFileReference; lastKnownFileType = folder.assetcatalog; path = Images.xcassets; sourceTree = "<group>"; };
		C9D611B919D40C720021E89A /* Base */ = {isa = PBXFileReference; lastKnownFileType = file.xib; name = Base; path = Base.lproj/LaunchScreen.xib; sourceTree = "<group>"; };
		C9D611BF19D40C720021E89A /* mgoclientTests.xctest */ = {isa = PBXFileReference; explicitFileType = wrapper.cfbundle; includeInIndex = 0; path = mgoclientTests.xctest; sourceTree = BUILT_PRODUCTS_DIR; };
		C9D611C419D40C720021E89A /* Info.plist */ = {isa = PBXFileReference; lastKnownFileType = text.plist.xml; path = Info.plist; sourceTree = "<group>"; };
		C9D611C519D40C720021E89A /* mgoclientTests.swift */ = {isa = PBXFileReference; lastKnownFileType = sourcecode.swift; path = mgoclientTests.swift; sourceTree = "<group>"; };
		C9D611D619D4D4760021E89A /* Readme.txt */ = {isa = PBXFileReference; fileEncoding = 4; lastKnownFileType = text; path = Readme.txt; sourceTree = "<group>"; };
		C9D611DA19D4D5560021E89A /* MainSceneCollectionViewModel.swift */ = {isa = PBXFileReference; fileEncoding = 4; lastKnownFileType = sourcecode.swift; path = MainSceneCollectionViewModel.swift; sourceTree = "<group>"; };
		C9D611DC19D4D8240021E89A /* MainSceneViewController.swift */ = {isa = PBXFileReference; fileEncoding = 4; lastKnownFileType = sourcecode.swift; path = MainSceneViewController.swift; sourceTree = "<group>"; };
		C9D611DE19D4DBB00021E89A /* MainSceneCollectionViewCell.swift */ = {isa = PBXFileReference; fileEncoding = 4; lastKnownFileType = sourcecode.swift; path = MainSceneCollectionViewCell.swift; sourceTree = "<group>"; };
		C9D611E019D4DF4A0021E89A /* SpriteKit.framework */ = {isa = PBXFileReference; lastKnownFileType = wrapper.framework; name = SpriteKit.framework; path = System/Library/Frameworks/SpriteKit.framework; sourceTree = SDKROOT; };
/* End PBXFileReference section */

/* Begin PBXFrameworksBuildPhase section */
		C9D611A719D40C720021E89A /* Frameworks */ = {
			isa = PBXFrameworksBuildPhase;
			buildActionMask = 2147483647;
			files = (
				C91C0D5519D5F06300BADB93 /* AVFoundation.framework in Frameworks */,
				C91C0D4F19D5AA1200BADB93 /* AVKit.framework in Frameworks */,
				C9D611E119D4DF4A0021E89A /* SpriteKit.framework in Frameworks */,
			);
			runOnlyForDeploymentPostprocessing = 0;
		};
		C9D611BC19D40C720021E89A /* Frameworks */ = {
			isa = PBXFrameworksBuildPhase;
			buildActionMask = 2147483647;
			files = (
			);
			runOnlyForDeploymentPostprocessing = 0;
		};
/* End PBXFrameworksBuildPhase section */

/* Begin PBXGroup section */
		C91C0D6519D60BE800BADB93 /* main buttons */ = {
			isa = PBXGroup;
			children = (
				C91C0D5919D6039B00BADB93 /* food.png */,
				C91C0D5A19D6039B00BADB93 /* theater.png */,
				C91C0D5B19D6039B00BADB93 /* car.png */,
				C91C0D5C19D6039B00BADB93 /* family.png */,
				C91C0D5D19D6039B00BADB93 /* studies.png */,
				C91C0D5E19D6039B00BADB93 /* business.png */,
			);
			name = "main buttons";
			sourceTree = "<group>";
		};
		C91C0D6619D60C1300BADB93 /* videos */ = {
			isa = PBXGroup;
			children = (
				C91C0D5719D5FC7E00BADB93 /* sample.m4v */,
				C91C0D5219D5EAF000BADB93 /* toystory.mp4 */,
			);
			name = videos;
			sourceTree = "<group>";
		};
		C91C0D6719D60C3400BADB93 /* nav. buttons */ = {
			isa = PBXGroup;
			children = (
				C91C0D4819D5A18100BADB93 /* back.png */,
				C91C0D4219D59F7800BADB93 /* LogOut.png */,
			);
			name = "nav. buttons";
			sourceTree = "<group>";
		};
		C91C0D6819D60C5900BADB93 /* info screen buttons */ = {
			isa = PBXGroup;
			children = (
				C91C0D4319D59F7800BADB93 /* Video.png */,
				C91C0D4419D59F7800BADB93 /* HLS.png */,
			);
			name = "info screen buttons";
			sourceTree = "<group>";
		};
		C91C0D6919D60DA100BADB93 /* UI */ = {
			isa = PBXGroup;
			children = (
				C9D611B319D40C720021E89A /* Main.storyboard */,
				C9D611B819D40C720021E89A /* LaunchScreen.xib */,
			);
			name = UI;
			sourceTree = "<group>";
		};
		C9D611A119D40C720021E89A = {
			isa = PBXGroup;
			children = (
				C9D611D619D4D4760021E89A /* Readme.txt */,
				C9D611AC19D40C720021E89A /* mgoclient */,
				C9D611C219D40C720021E89A /* mgoclientTests */,
				C9D611AB19D40C720021E89A /* Products */,
				C9D611E219D4DF890021E89A /* Frameworks */,
			);
			sourceTree = "<group>";
		};
		C9D611AB19D40C720021E89A /* Products */ = {
			isa = PBXGroup;
			children = (
				C9D611AA19D40C720021E89A /* MGO.app */,
				C9D611BF19D40C720021E89A /* mgoclientTests.xctest */,
			);
			name = Products;
			sourceTree = "<group>";
		};
		C9D611AC19D40C720021E89A /* mgoclient */ = {
			isa = PBXGroup;
			children = (
				C91C0D6919D60DA100BADB93 /* UI */,
				C9D611D519D49BC00021E89A /* view - controller */,
				C9D611D219D49B7F0021E89A /* model */,
				C9D611D319D49B870021E89A /* view */,
				C9D611D419D49B920021E89A /* controller */,
				C9D611CF19D40DC30021E89A /* Resources */,
				C9D611AD19D40C720021E89A /* Supporting Files */,
			);
			path = mgoclient;
			sourceTree = "<group>";
		};
		C9D611AD19D40C720021E89A /* Supporting Files */ = {
			isa = PBXGroup;
			children = (
				C9D611AE19D40C720021E89A /* Info.plist */,
				C923200519D54B9800FEA745 /* VideoProperties.plist */,
			);
			name = "Supporting Files";
			sourceTree = "<group>";
		};
		C9D611C219D40C720021E89A /* mgoclientTests */ = {
			isa = PBXGroup;
			children = (
				C9D611C519D40C720021E89A /* mgoclientTests.swift */,
				C9D611C319D40C720021E89A /* Supporting Files */,
			);
			path = mgoclientTests;
			sourceTree = "<group>";
		};
		C9D611C319D40C720021E89A /* Supporting Files */ = {
			isa = PBXGroup;
			children = (
				C9D611C419D40C720021E89A /* Info.plist */,
			);
			name = "Supporting Files";
			sourceTree = "<group>";
		};
		C9D611CF19D40DC30021E89A /* Resources */ = {
			isa = PBXGroup;
			children = (
				C91C0D6819D60C5900BADB93 /* info screen buttons */,
				C91C0D6719D60C3400BADB93 /* nav. buttons */,
				C91C0D6619D60C1300BADB93 /* videos */,
				C91C0D6519D60BE800BADB93 /* main buttons */,
				C9D611B619D40C720021E89A /* Images.xcassets */,
			);
			name = Resources;
			sourceTree = "<group>";
		};
		C9D611D219D49B7F0021E89A /* model */ = {
			isa = PBXGroup;
			children = (
				C9D611DA19D4D5560021E89A /* MainSceneCollectionViewModel.swift */,
				C91C0D6A19D60FE900BADB93 /* LoginModel.swift */,
			);
			name = model;
			sourceTree = "<group>";
		};
		C9D611D319D49B870021E89A /* view */ = {
			isa = PBXGroup;
			children = (
				C9D611DE19D4DBB00021E89A /* MainSceneCollectionViewCell.swift */,
			);
			name = view;
			sourceTree = "<group>";
		};
		C9D611D419D49B920021E89A /* controller */ = {
			isa = PBXGroup;
			children = (
				C9D611AF19D40C720021E89A /* AppDelegate.swift */,
			);
			name = controller;
			sourceTree = "<group>";
		};
		C9D611D519D49BC00021E89A /* view - controller */ = {
			isa = PBXGroup;
			children = (
				C9D611B119D40C720021E89A /* LoginViewController.swift */,
				C9D611DC19D4D8240021E89A /* MainSceneViewController.swift */,
				C91C0D4A19D5A95D00BADB93 /* InfoViewController.swift */,
				C91C0D4C19D5A9A600BADB93 /* PlayerViewController.swift */,
			);
			name = "view - controller";
			sourceTree = "<group>";
		};
		C9D611E219D4DF890021E89A /* Frameworks */ = {
			isa = PBXGroup;
			children = (
				C91C0D5419D5F06300BADB93 /* AVFoundation.framework */,
				C91C0D4E19D5AA1200BADB93 /* AVKit.framework */,
				C9D611E019D4DF4A0021E89A /* SpriteKit.framework */,
			);
			name = Frameworks;
			sourceTree = "<group>";
		};
/* End PBXGroup section */

/* Begin PBXNativeTarget section */
		C9D611A919D40C720021E89A /* mgoclient */ = {
			isa = PBXNativeTarget;
			buildConfigurationList = C9D611C919D40C720021E89A /* Build configuration list for PBXNativeTarget "mgoclient" */;
			buildPhases = (
				C9D611A619D40C720021E89A /* Sources */,
				C9D611A719D40C720021E89A /* Frameworks */,
				C9D611A819D40C720021E89A /* Resources */,
			);
			buildRules = (
			);
			dependencies = (
			);
			name = mgoclient;
			productName = mgoclient;
			productReference = C9D611AA19D40C720021E89A /* MGO.app */;
			productType = "com.apple.product-type.application";
		};
		C9D611BE19D40C720021E89A /* mgoclientTests */ = {
			isa = PBXNativeTarget;
			buildConfigurationList = C9D611CC19D40C720021E89A /* Build configuration list for PBXNativeTarget "mgoclientTests" */;
			buildPhases = (
				C9D611BB19D40C720021E89A /* Sources */,
				C9D611BC19D40C720021E89A /* Frameworks */,
				C9D611BD19D40C720021E89A /* Resources */,
			);
			buildRules = (
			);
			dependencies = (
				C9D611C119D40C720021E89A /* PBXTargetDependency */,
			);
			name = mgoclientTests;
			productName = mgoclientTests;
			productReference = C9D611BF19D40C720021E89A /* mgoclientTests.xctest */;
			productType = "com.apple.product-type.bundle.unit-test";
		};
/* End PBXNativeTarget section */

/* Begin PBXProject section */
		C9D611A219D40C720021E89A /* Project object */ = {
			isa = PBXProject;
			attributes = {
				LastUpgradeCheck = 0600;
				ORGANIZATIONNAME = mgo;
				TargetAttributes = {
					C9D611A919D40C720021E89A = {
						CreatedOnToolsVersion = 6.0;
					};
					C9D611BE19D40C720021E89A = {
						CreatedOnToolsVersion = 6.0;
						TestTargetID = C9D611A919D40C720021E89A;
					};
				};
			};
			buildConfigurationList = C9D611A519D40C720021E89A /* Build configuration list for PBXProject "mgoclient" */;
			compatibilityVersion = "Xcode 3.2";
			developmentRegion = English;
			hasScannedForEncodings = 0;
			knownRegions = (
				en,
				Base,
			);
			mainGroup = C9D611A119D40C720021E89A;
			productRefGroup = C9D611AB19D40C720021E89A /* Products */;
			projectDirPath = "";
			projectRoot = "";
			targets = (
				C9D611A919D40C720021E89A /* mgoclient */,
				C9D611BE19D40C720021E89A /* mgoclientTests */,
			);
		};
/* End PBXProject section */

/* Begin PBXResourcesBuildPhase section */
		C9D611A819D40C720021E89A /* Resources */ = {
			isa = PBXResourcesBuildPhase;
			buildActionMask = 2147483647;
			files = (
				C91C0D6119D6039C00BADB93 /* car.png in Resources */,
				C9D611B519D40C720021E89A /* Main.storyboard in Resources */,
				C91C0D4719D59F7800BADB93 /* HLS.png in Resources */,
				C91C0D6019D6039C00BADB93 /* theater.png in Resources */,
				C91C0D4919D5A18100BADB93 /* back.png in Resources */,
				C9D611BA19D40C720021E89A /* LaunchScreen.xib in Resources */,
				C9D611D819D4D4760021E89A /* Readme.txt in Resources */,
				C91C0D4619D59F7800BADB93 /* Video.png in Resources */,
				C91C0D6319D6039C00BADB93 /* studies.png in Resources */,
				C91C0D6219D6039C00BADB93 /* family.png in Resources */,
				C923200619D54B9800FEA745 /* VideoProperties.plist in Resources */,
				C91C0D5319D5EAF000BADB93 /* toystory.mp4 in Resources */,
				C91C0D5819D5FC7E00BADB93 /* sample.m4v in Resources */,
				C91C0D6419D6039C00BADB93 /* business.png in Resources */,
				C91C0D5F19D6039C00BADB93 /* food.png in Resources */,
				C9D611B719D40C720021E89A /* Images.xcassets in Resources */,
				C91C0D4519D59F7800BADB93 /* LogOut.png in Resources */,
			);
			runOnlyForDeploymentPostprocessing = 0;
		};
		C9D611BD19D40C720021E89A /* Resources */ = {
			isa = PBXResourcesBuildPhase;
			buildActionMask = 2147483647;
			files = (
			);
			runOnlyForDeploymentPostprocessing = 0;
		};
/* End PBXResourcesBuildPhase section */

/* Begin PBXSourcesBuildPhase section */
		C9D611A619D40C720021E89A /* Sources */ = {
			isa = PBXSourcesBuildPhase;
			buildActionMask = 2147483647;
			files = (
				C9D611DB19D4D5560021E89A /* MainSceneCollectionViewModel.swift in Sources */,
				C9D611B219D40C720021E89A /* LoginViewController.swift in Sources */,
				C9D611DF19D4DBB00021E89A /* MainSceneCollectionViewCell.swift in Sources */,
				C91C0D4D19D5A9A600BADB93 /* PlayerViewController.swift in Sources */,
				C9D611DD19D4D8240021E89A /* MainSceneViewController.swift in Sources */,
				C91C0D6B19D60FE900BADB93 /* LoginModel.swift in Sources */,
				C91C0D4B19D5A95D00BADB93 /* InfoViewController.swift in Sources */,
				C9D611B019D40C720021E89A /* AppDelegate.swift in Sources */,
			);
			runOnlyForDeploymentPostprocessing = 0;
		};
		C9D611BB19D40C720021E89A /* Sources */ = {
			isa = PBXSourcesBuildPhase;
			buildActionMask = 2147483647;
			files = (
				C9D611C619D40C720021E89A /* mgoclientTests.swift in Sources */,
			);
			runOnlyForDeploymentPostprocessing = 0;
		};
/* End PBXSourcesBuildPhase section */

/* Begin PBXTargetDependency section */
		C9D611C119D40C720021E89A /* PBXTargetDependency */ = {
			isa = PBXTargetDependency;
			target = C9D611A919D40C720021E89A /* mgoclient */;
			targetProxy = C9D611C019D40C720021E89A /* PBXContainerItemProxy */;
		};
/* End PBXTargetDependency section */

/* Begin PBXVariantGroup section */
		C9D611B319D40C720021E89A /* Main.storyboard */ = {
			isa = PBXVariantGroup;
			children = (
				C9D611B419D40C720021E89A /* Base */,
			);
			name = Main.storyboard;
			sourceTree = "<group>";
		};
		C9D611B819D40C720021E89A /* LaunchScreen.xib */ = {
			isa = PBXVariantGroup;
			children = (
				C9D611B919D40C720021E89A /* Base */,
			);
			name = LaunchScreen.xib;
			sourceTree = "<group>";
		};
/* End PBXVariantGroup section */

/* Begin XCBuildConfiguration section */
		C9D611C719D40C720021E89A /* Debug */ = {
			isa = XCBuildConfiguration;
			buildSettings = {
				ALWAYS_SEARCH_USER_PATHS = NO;
				CLANG_CXX_LANGUAGE_STANDARD = "gnu++0x";
				CLANG_CXX_LIBRARY = "libc++";
				CLANG_ENABLE_MODULES = YES;
				CLANG_ENABLE_OBJC_ARC = YES;
				CLANG_WARN_BOOL_CONVERSION = YES;
				CLANG_WARN_CONSTANT_CONVERSION = YES;
				CLANG_WARN_DIRECT_OBJC_ISA_USAGE = YES_ERROR;
				CLANG_WARN_EMPTY_BODY = YES;
				CLANG_WARN_ENUM_CONVERSION = YES;
				CLANG_WARN_INT_CONVERSION = YES;
				CLANG_WARN_OBJC_ROOT_CLASS = YES_ERROR;
				CLANG_WARN_UNREACHABLE_CODE = YES;
				CLANG_WARN__DUPLICATE_METHOD_MATCH = YES;
				"CODE_SIGN_IDENTITY[sdk=iphoneos*]" = "iPhone Developer";
				COPY_PHASE_STRIP = NO;
				ENABLE_STRICT_OBJC_MSGSEND = YES;
				GCC_C_LANGUAGE_STANDARD = gnu99;
				GCC_DYNAMIC_NO_PIC = NO;
				GCC_OPTIMIZATION_LEVEL = 0;
				GCC_PREPROCESSOR_DEFINITIONS = (
					"DEBUG=1",
					"$(inherited)",
				);
				GCC_SYMBOLS_PRIVATE_EXTERN = NO;
				GCC_WARN_64_TO_32_BIT_CONVERSION = YES;
				GCC_WARN_ABOUT_RETURN_TYPE = YES_ERROR;
				GCC_WARN_UNDECLARED_SELECTOR = YES;
				GCC_WARN_UNINITIALIZED_AUTOS = YES_AGGRESSIVE;
				GCC_WARN_UNUSED_FUNCTION = YES;
				GCC_WARN_UNUSED_VARIABLE = YES;
				IPHONEOS_DEPLOYMENT_TARGET = 8.0;
				MTL_ENABLE_DEBUG_INFO = YES;
				ONLY_ACTIVE_ARCH = YES;
				SDKROOT = iphoneos;
				SWIFT_OPTIMIZATION_LEVEL = "-Onone";
				TARGETED_DEVICE_FAMILY = "1,2";
			};
			name = Debug;
		};
		C9D611C819D40C720021E89A /* Release */ = {
			isa = XCBuildConfiguration;
			buildSettings = {
				ALWAYS_SEARCH_USER_PATHS = NO;
				CLANG_CXX_LANGUAGE_STANDARD = "gnu++0x";
				CLANG_CXX_LIBRARY = "libc++";
				CLANG_ENABLE_MODULES = YES;
				CLANG_ENABLE_OBJC_ARC = YES;
				CLANG_WARN_BOOL_CONVERSION = YES;
				CLANG_WARN_CONSTANT_CONVERSION = YES;
				CLANG_WARN_DIRECT_OBJC_ISA_USAGE = YES_ERROR;
				CLANG_WARN_EMPTY_BODY = YES;
				CLANG_WARN_ENUM_CONVERSION = YES;
				CLANG_WARN_INT_CONVERSION = YES;
				CLANG_WARN_OBJC_ROOT_CLASS = YES_ERROR;
				CLANG_WARN_UNREACHABLE_CODE = YES;
				CLANG_WARN__DUPLICATE_METHOD_MATCH = YES;
				"CODE_SIGN_IDENTITY[sdk=iphoneos*]" = "iPhone Developer";
				COPY_PHASE_STRIP = YES;
				ENABLE_NS_ASSERTIONS = NO;
				ENABLE_STRICT_OBJC_MSGSEND = YES;
				GCC_C_LANGUAGE_STANDARD = gnu99;
				GCC_WARN_64_TO_32_BIT_CONVERSION = YES;
				GCC_WARN_ABOUT_RETURN_TYPE = YES_ERROR;
				GCC_WARN_UNDECLARED_SELECTOR = YES;
				GCC_WARN_UNINITIALIZED_AUTOS = YES_AGGRESSIVE;
				GCC_WARN_UNUSED_FUNCTION = YES;
				GCC_WARN_UNUSED_VARIABLE = YES;
				IPHONEOS_DEPLOYMENT_TARGET = 8.0;
				MTL_ENABLE_DEBUG_INFO = NO;
				SDKROOT = iphoneos;
				TARGETED_DEVICE_FAMILY = "1,2";
				VALIDATE_PRODUCT = YES;
			};
			name = Release;
		};
		C9D611CA19D40C720021E89A /* Debug */ = {
			isa = XCBuildConfiguration;
			buildSettings = {
				ASSETCATALOG_COMPILER_APPICON_NAME = AppIcon;
				INFOPLIST_FILE = mgoclient/Info.plist;
				LD_RUNPATH_SEARCH_PATHS = "$(inherited) @executable_path/Frameworks";
				PRODUCT_NAME = MGO;
			};
			name = Debug;
		};
		C9D611CB19D40C720021E89A /* Release */ = {
			isa = XCBuildConfiguration;
			buildSettings = {
				ASSETCATALOG_COMPILER_APPICON_NAME = AppIcon;
				INFOPLIST_FILE = mgoclient/Info.plist;
				LD_RUNPATH_SEARCH_PATHS = "$(inherited) @executable_path/Frameworks";
				PRODUCT_NAME = MGO;
			};
			name = Release;
		};
		C9D611CD19D40C720021E89A /* Debug */ = {
			isa = XCBuildConfiguration;
			buildSettings = {
				BUNDLE_LOADER = "$(TEST_HOST)";
				FRAMEWORK_SEARCH_PATHS = (
					"$(SDKROOT)/Developer/Library/Frameworks",
					"$(inherited)",
				);
				GCC_PREPROCESSOR_DEFINITIONS = (
					"DEBUG=1",
					"$(inherited)",
				);
				INFOPLIST_FILE = mgoclientTests/Info.plist;
				LD_RUNPATH_SEARCH_PATHS = "$(inherited) @executable_path/Frameworks @loader_path/Frameworks";
				PRODUCT_NAME = "$(TARGET_NAME)";
				TEST_HOST = "$(BUILT_PRODUCTS_DIR)/mgoclient.app/mgoclient";
			};
			name = Debug;
		};
		C9D611CE19D40C720021E89A /* Release */ = {
			isa = XCBuildConfiguration;
			buildSettings = {
				BUNDLE_LOADER = "$(TEST_HOST)";
				FRAMEWORK_SEARCH_PATHS = (
					"$(SDKROOT)/Developer/Library/Frameworks",
					"$(inherited)",
				);
				INFOPLIST_FILE = mgoclientTests/Info.plist;
				LD_RUNPATH_SEARCH_PATHS = "$(inherited) @executable_path/Frameworks @loader_path/Frameworks";
				PRODUCT_NAME = "$(TARGET_NAME)";
				TEST_HOST = "$(BUILT_PRODUCTS_DIR)/mgoclient.app/mgoclient";
			};
			name = Release;
		};
/* End XCBuildConfiguration section */

/* Begin XCConfigurationList section */
		C9D611A519D40C720021E89A /* Build configuration list for PBXProject "mgoclient" */ = {
			isa = XCConfigurationList;
			buildConfigurations = (
				C9D611C719D40C720021E89A /* Debug */,
				C9D611C819D40C720021E89A /* Release */,
			);
			defaultConfigurationIsVisible = 0;
			defaultConfigurationName = Release;
		};
		C9D611C919D40C720021E89A /* Build configuration list for PBXNativeTarget "mgoclient" */ = {
			isa = XCConfigurationList;
			buildConfigurations = (
				C9D611CA19D40C720021E89A /* Debug */,
				C9D611CB19D40C720021E89A /* Release */,
			);
			defaultConfigurationIsVisible = 0;
			defaultConfigurationName = Release;
		};
		C9D611CC19D40C720021E89A /* Build configuration list for PBXNativeTarget "mgoclientTests" */ = {
			isa = XCConfigurationList;
			buildConfigurations = (
				C9D611CD19D40C720021E89A /* Debug */,
				C9D611CE19D40C720021E89A /* Release */,
			);
			defaultConfigurationIsVisible = 0;
			defaultConfigurationName = Release;
		};
/* End XCConfigurationList section */
	};
	rootObject = C9D611A219D40C720021E89A /* Project object */;
}
